// !$*UTF8*$!
{
	archiveVersion = 1;
	classes = {
	};
	objectVersion = 46;
	objects = {

/* Begin PBXBuildFile section */
		97FD417D1AADD90A008F95A1 /* main.m in Sources */ = {isa = PBXBuildFile; fileRef = 97FD417C1AADD90A008F95A1 /* main.m */; };
		97FD41801AADD90A008F95A1 /* AppDelegate.m in Sources */ = {isa = PBXBuildFile; fileRef = 97FD417F1AADD90A008F95A1 /* AppDelegate.m */; };
		97FD41831AADD90A008F95A1 /* ViewController.m in Sources */ = {isa = PBXBuildFile; fileRef = 97FD41821AADD90A008F95A1 /* ViewController.m */; };
		97FD41861AADD90A008F95A1 /* Main.storyboard in Resources */ = {isa = PBXBuildFile; fileRef = 97FD41841AADD90A008F95A1 /* Main.storyboard */; };
		97FD41881AADD90A008F95A1 /* Images.xcassets in Resources */ = {isa = PBXBuildFile; fileRef = 97FD41871AADD90A008F95A1 /* Images.xcassets */; };
		97FD418B1AADD90A008F95A1 /* LaunchScreen.xib in Resources */ = {isa = PBXBuildFile; fileRef = 97FD41891AADD90A008F95A1 /* LaunchScreen.xib */; };
		97FD41971AADD90A008F95A1 /* airmapTests.m in Sources */ = {isa = PBXBuildFile; fileRef = 97FD41961AADD90A008F95A1 /* airmapTests.m */; };
/* End PBXBuildFile section */

/* Begin PBXContainerItemProxy section */
		97FD41911AADD90A008F95A1 /* PBXContainerItemProxy */ = {
			isa = PBXContainerItemProxy;
			containerPortal = 97FD416F1AADD90A008F95A1 /* Project object */;
			proxyType = 1;
			remoteGlobalIDString = 97FD41761AADD90A008F95A1;
			remoteInfo = airmap;
		};
/* End PBXContainerItemProxy section */

/* Begin PBXFileReference section */
		97FD41771AADD90A008F95A1 /* airmap.app */ = {isa = PBXFileReference; explicitFileType = wrapper.application; includeInIndex = 0; path = airmap.app; sourceTree = BUILT_PRODUCTS_DIR; };
		97FD417B1AADD90A008F95A1 /* Info.plist */ = {isa = PBXFileReference; lastKnownFileType = text.plist.xml; path = Info.plist; sourceTree = "<group>"; };
		97FD417C1AADD90A008F95A1 /* main.m */ = {isa = PBXFileReference; lastKnownFileType = sourcecode.c.objc; path = main.m; sourceTree = "<group>"; };
		97FD417E1AADD90A008F95A1 /* AppDelegate.h */ = {isa = PBXFileReference; lastKnownFileType = sourcecode.c.h; path = AppDelegate.h; sourceTree = "<group>"; };
		97FD417F1AADD90A008F95A1 /* AppDelegate.m */ = {isa = PBXFileReference; lastKnownFileType = sourcecode.c.objc; path = AppDelegate.m; sourceTree = "<group>"; };
		97FD41811AADD90A008F95A1 /* ViewController.h */ = {isa = PBXFileReference; lastKnownFileType = sourcecode.c.h; path = ViewController.h; sourceTree = "<group>"; };
		97FD41821AADD90A008F95A1 /* ViewController.m */ = {isa = PBXFileReference; lastKnownFileType = sourcecode.c.objc; path = ViewController.m; sourceTree = "<group>"; };
		97FD41851AADD90A008F95A1 /* Base */ = {isa = PBXFileReference; lastKnownFileType = file.storyboard; name = Base; path = Base.lproj/Main.storyboard; sourceTree = "<group>"; };
		97FD41871AADD90A008F95A1 /* Images.xcassets */ = {isa = PBXFileReference; lastKnownFileType = folder.assetcatalog; path = Images.xcassets; sourceTree = "<group>"; };
		97FD418A1AADD90A008F95A1 /* Base */ = {isa = PBXFileReference; lastKnownFileType = file.xib; name = Base; path = Base.lproj/LaunchScreen.xib; sourceTree = "<group>"; };
		97FD41901AADD90A008F95A1 /* airmapTests.xctest */ = {isa = PBXFileReference; explicitFileType = wrapper.cfbundle; includeInIndex = 0; path = airmapTests.xctest; sourceTree = BUILT_PRODUCTS_DIR; };
		97FD41951AADD90A008F95A1 /* Info.plist */ = {isa = PBXFileReference; lastKnownFileType = text.plist.xml; path = Info.plist; sourceTree = "<group>"; };
		97FD41961AADD90A008F95A1 /* airmapTests.m */ = {isa = PBXFileReference; lastKnownFileType = sourcecode.c.objc; path = airmapTests.m; sourceTree = "<group>"; };
/* End PBXFileReference section */

/* Begin PBXFrameworksBuildPhase section */
		97FD41741AADD90A008F95A1 /* Frameworks */ = {
			isa = PBXFrameworksBuildPhase;
			buildActionMask = 2147483647;
			files = (
			);
			runOnlyForDeploymentPostprocessing = 0;
		};
		97FD418D1AADD90A008F95A1 /* Frameworks */ = {
			isa = PBXFrameworksBuildPhase;
			buildActionMask = 2147483647;
			files = (
			);
			runOnlyForDeploymentPostprocessing = 0;
		};
/* End PBXFrameworksBuildPhase section */

/* Begin PBXGroup section */
		97FD416E1AADD90A008F95A1 = {
			isa = PBXGroup;
			children = (
				97FD41791AADD90A008F95A1 /* airmap */,
				97FD41931AADD90A008F95A1 /* airmapTests */,
				97FD41781AADD90A008F95A1 /* Products */,
			);
			sourceTree = "<group>";
		};
		97FD41781AADD90A008F95A1 /* Products */ = {
			isa = PBXGroup;
			children = (
				97FD41771AADD90A008F95A1 /* airmap.app */,
				97FD41901AADD90A008F95A1 /* airmapTests.xctest */,
			);
			name = Products;
			sourceTree = "<group>";
		};
		97FD41791AADD90A008F95A1 /* airmap */ = {
			isa = PBXGroup;
			children = (
				97FD417E1AADD90A008F95A1 /* AppDelegate.h */,
				97FD417F1AADD90A008F95A1 /* AppDelegate.m */,
				97FD41811AADD90A008F95A1 /* ViewController.h */,
				97FD41821AADD90A008F95A1 /* ViewController.m */,
				97FD41841AADD90A008F95A1 /* Main.storyboard */,
				97FD41871AADD90A008F95A1 /* Images.xcassets */,
				97FD41891AADD90A008F95A1 /* LaunchScreen.xib */,
				97FD417A1AADD90A008F95A1 /* Supporting Files */,
			);
			path = airmap;
			sourceTree = "<group>";
		};
		97FD417A1AADD90A008F95A1 /* Supporting Files */ = {
			isa = PBXGroup;
			children = (
				97FD417B1AADD90A008F95A1 /* Info.plist */,
				97FD417C1AADD90A008F95A1 /* main.m */,
			);
			name = "Supporting Files";
			sourceTree = "<group>";
		};
		97FD41931AADD90A008F95A1 /* airmapTests */ = {
			isa = PBXGroup;
			children = (
				97FD41961AADD90A008F95A1 /* airmapTests.m */,
				97FD41941AADD90A008F95A1 /* Supporting Files */,
			);
			path = airmapTests;
			sourceTree = "<group>";
		};
		97FD41941AADD90A008F95A1 /* Supporting Files */ = {
			isa = PBXGroup;
			children = (
				97FD41951AADD90A008F95A1 /* Info.plist */,
			);
			name = "Supporting Files";
			sourceTree = "<group>";
		};
/* End PBXGroup section */

/* Begin PBXNativeTarget section */
		97FD41761AADD90A008F95A1 /* airmap */ = {
			isa = PBXNativeTarget;
			buildConfigurationList = 97FD419A1AADD90A008F95A1 /* Build configuration list for PBXNativeTarget "airmap" */;
			buildPhases = (
				97FD41731AADD90A008F95A1 /* Sources */,
				97FD41741AADD90A008F95A1 /* Frameworks */,
				97FD41751AADD90A008F95A1 /* Resources */,
			);
			buildRules = (
			);
			dependencies = (
			);
			name = airmap;
			productName = airmap;
			productReference = 97FD41771AADD90A008F95A1 /* airmap.app */;
			productType = "com.apple.product-type.application";
		};
		97FD418F1AADD90A008F95A1 /* airmapTests */ = {
			isa = PBXNativeTarget;
			buildConfigurationList = 97FD419D1AADD90A008F95A1 /* Build configuration list for PBXNativeTarget "airmapTests" */;
			buildPhases = (
				97FD418C1AADD90A008F95A1 /* Sources */,
				97FD418D1AADD90A008F95A1 /* Frameworks */,
				97FD418E1AADD90A008F95A1 /* Resources */,
			);
			buildRules = (
			);
			dependencies = (
				97FD41921AADD90A008F95A1 /* PBXTargetDependency */,
			);
			name = airmapTests;
			productName = airmapTests;
			productReference = 97FD41901AADD90A008F95A1 /* airmapTests.xctest */;
			productType = "com.apple.product-type.bundle.unit-test";
		};
/* End PBXNativeTarget section */

/* Begin PBXProject section */
		97FD416F1AADD90A008F95A1 /* Project object */ = {
			isa = PBXProject;
			attributes = {
				LastUpgradeCheck = 0610;
				ORGANIZATIONNAME = "Freddie Wang";
				TargetAttributes = {
					97FD41761AADD90A008F95A1 = {
						CreatedOnToolsVersion = 6.1.1;
					};
					97FD418F1AADD90A008F95A1 = {
						CreatedOnToolsVersion = 6.1.1;
						TestTargetID = 97FD41761AADD90A008F95A1;
					};
				};
			};
			buildConfigurationList = 97FD41721AADD90A008F95A1 /* Build configuration list for PBXProject "airmap" */;
			compatibilityVersion = "Xcode 3.2";
			developmentRegion = English;
			hasScannedForEncodings = 0;
			knownRegions = (
				en,
				Base,
			);
			mainGroup = 97FD416E1AADD90A008F95A1;
			productRefGroup = 97FD41781AADD90A008F95A1 /* Products */;
			projectDirPath = "";
			projectRoot = "";
			targets = (
				97FD41761AADD90A008F95A1 /* airmap */,
				97FD418F1AADD90A008F95A1 /* airmapTests */,
			);
		};
/* End PBXProject section */

/* Begin PBXResourcesBuildPhase section */
		97FD41751AADD90A008F95A1 /* Resources */ = {
			isa = PBXResourcesBuildPhase;
			buildActionMask = 2147483647;
			files = (
				97FD41861AADD90A008F95A1 /* Main.storyboard in Resources */,
				97FD418B1AADD90A008F95A1 /* LaunchScreen.xib in Resources */,
				97FD41881AADD90A008F95A1 /* Images.xcassets in Resources */,
			);
			runOnlyForDeploymentPostprocessing = 0;
		};
		97FD418E1AADD90A008F95A1 /* Resources */ = {
			isa = PBXResourcesBuildPhase;
			buildActionMask = 2147483647;
			files = (
			);
			runOnlyForDeploymentPostprocessing = 0;
		};
/* End PBXResourcesBuildPhase section */

/* Begin PBXSourcesBuildPhase section */
		97FD41731AADD90A008F95A1 /* Sources */ = {
			isa = PBXSourcesBuildPhase;
			buildActionMask = 2147483647;
			files = (
				97FD41831AADD90A008F95A1 /* ViewController.m in Sources */,
				97FD41801AADD90A008F95A1 /* AppDelegate.m in Sources */,
				97FD417D1AADD90A008F95A1 /* main.m in Sources */,
			);
			runOnlyForDeploymentPostprocessing = 0;
		};
		97FD418C1AADD90A008F95A1 /* Sources */ = {
			isa = PBXSourcesBuildPhase;
			buildActionMask = 2147483647;
			files = (
				97FD41971AADD90A008F95A1 /* airmapTests.m in Sources */,
			);
			runOnlyForDeploymentPostprocessing = 0;
		};
/* End PBXSourcesBuildPhase section */

/* Begin PBXTargetDependency section */
		97FD41921AADD90A008F95A1 /* PBXTargetDependency */ = {
			isa = PBXTargetDependency;
			target = 97FD41761AADD90A008F95A1 /* airmap */;
			targetProxy = 97FD41911AADD90A008F95A1 /* PBXContainerItemProxy */;
		};
/* End PBXTargetDependency section */

/* Begin PBXVariantGroup section */
		97FD41841AADD90A008F95A1 /* Main.storyboard */ = {
			isa = PBXVariantGroup;
			children = (
				97FD41851AADD90A008F95A1 /* Base */,
			);
			name = Main.storyboard;
			sourceTree = "<group>";
		};
		97FD41891AADD90A008F95A1 /* LaunchScreen.xib */ = {
			isa = PBXVariantGroup;
			children = (
				97FD418A1AADD90A008F95A1 /* Base */,
			);
			name = LaunchScreen.xib;
			sourceTree = "<group>";
		};
/* End PBXVariantGroup section */

/* Begin XCBuildConfiguration section */
		97FD41981AADD90A008F95A1 /* Debug */ = {
			isa = XCBuildConfiguration;
			buildSettings = {
				ALWAYS_SEARCH_USER_PATHS = NO;
				CLANG_CXX_LANGUAGE_STANDARD = "gnu++0x";
				CLANG_CXX_LIBRARY = "libc++";
				CLANG_ENABLE_MODULES = YES;
				CLANG_ENABLE_OBJC_ARC = YES;
				CLANG_WARN_BOOL_CONVERSION = YES;
				CLANG_WARN_CONSTANT_CONVERSION = YES;
				CLANG_WARN_DIRECT_OBJC_ISA_USAGE = YES_ERROR;
				CLANG_WARN_EMPTY_BODY = YES;
				CLANG_WARN_ENUM_CONVERSION = YES;
				CLANG_WARN_INT_CONVERSION = YES;
				CLANG_WARN_OBJC_ROOT_CLASS = YES_ERROR;
				CLANG_WARN_UNREACHABLE_CODE = YES;
				CLANG_WARN__DUPLICATE_METHOD_MATCH = YES;
				"CODE_SIGN_IDENTITY[sdk=iphoneos*]" = "iPhone Developer";
				COPY_PHASE_STRIP = NO;
				ENABLE_STRICT_OBJC_MSGSEND = YES;
				GCC_C_LANGUAGE_STANDARD = gnu99;
				GCC_DYNAMIC_NO_PIC = NO;
				GCC_OPTIMIZATION_LEVEL = 0;
				GCC_PREPROCESSOR_DEFINITIONS = (
					"DEBUG=1",
					"$(inherited)",
				);
				GCC_SYMBOLS_PRIVATE_EXTERN = NO;
				GCC_WARN_64_TO_32_BIT_CONVERSION = YES;
				GCC_WARN_ABOUT_RETURN_TYPE = YES_ERROR;
				GCC_WARN_UNDECLARED_SELECTOR = YES;
				GCC_WARN_UNINITIALIZED_AUTOS = YES_AGGRESSIVE;
				GCC_WARN_UNUSED_FUNCTION = YES;
				GCC_WARN_UNUSED_VARIABLE = YES;
				IPHONEOS_DEPLOYMENT_TARGET = 8.1;
				MTL_ENABLE_DEBUG_INFO = YES;
				ONLY_ACTIVE_ARCH = YES;
				SDKROOT = iphoneos;
			};
			name = Debug;
		};
		97FD41991AADD90A008F95A1 /* Release */ = {
			isa = XCBuildConfiguration;
			buildSettings = {
				ALWAYS_SEARCH_USER_PATHS = NO;
				CLANG_CXX_LANGUAGE_STANDARD = "gnu++0x";
				CLANG_CXX_LIBRARY = "libc++";
				CLANG_ENABLE_MODULES = YES;
				CLANG_ENABLE_OBJC_ARC = YES;
				CLANG_WARN_BOOL_CONVERSION = YES;
				CLANG_WARN_CONSTANT_CONVERSION = YES;
				CLANG_WARN_DIRECT_OBJC_ISA_USAGE = YES_ERROR;
				CLANG_WARN_EMPTY_BODY = YES;
				CLANG_WARN_ENUM_CONVERSION = YES;
				CLANG_WARN_INT_CONVERSION = YES;
				CLANG_WARN_OBJC_ROOT_CLASS = YES_ERROR;
				CLANG_WARN_UNREACHABLE_CODE = YES;
				CLANG_WARN__DUPLICATE_METHOD_MATCH = YES;
				"CODE_SIGN_IDENTITY[sdk=iphoneos*]" = "iPhone Developer";
				COPY_PHASE_STRIP = YES;
				ENABLE_NS_ASSERTIONS = NO;
				ENABLE_STRICT_OBJC_MSGSEND = YES;
				GCC_C_LANGUAGE_STANDARD = gnu99;
				GCC_WARN_64_TO_32_BIT_CONVERSION = YES;
				GCC_WARN_ABOUT_RETURN_TYPE = YES_ERROR;
				GCC_WARN_UNDECLARED_SELECTOR = YES;
				GCC_WARN_UNINITIALIZED_AUTOS = YES_AGGRESSIVE;
				GCC_WARN_UNUSED_FUNCTION = YES;
				GCC_WARN_UNUSED_VARIABLE = YES;
				IPHONEOS_DEPLOYMENT_TARGET = 8.1;
				MTL_ENABLE_DEBUG_INFO = NO;
				SDKROOT = iphoneos;
				VALIDATE_PRODUCT = YES;
			};
			name = Release;
		};
		97FD419B1AADD90A008F95A1 /* Debug */ = {
			isa = XCBuildConfiguration;
			buildSettings = {
				ASSETCATALOG_COMPILER_APPICON_NAME = AppIcon;
				INFOPLIST_FILE = airmap/Info.plist;
				LD_RUNPATH_SEARCH_PATHS = "$(inherited) @executable_path/Frameworks";
				PRODUCT_NAME = "$(TARGET_NAME)";
			};
			name = Debug;
		};
		97FD419C1AADD90A008F95A1 /* Release */ = {
			isa = XCBuildConfiguration;
			buildSettings = {
				ASSETCATALOG_COMPILER_APPICON_NAME = AppIcon;
				INFOPLIST_FILE = airmap/Info.plist;
				LD_RUNPATH_SEARCH_PATHS = "$(inherited) @executable_path/Frameworks";
				PRODUCT_NAME = "$(TARGET_NAME)";
			};
			name = Release;
		};
		97FD419E1AADD90A008F95A1 /* Debug */ = {
			isa = XCBuildConfiguration;
			buildSettings = {
				BUNDLE_LOADER = "$(TEST_HOST)";
				FRAMEWORK_SEARCH_PATHS = (
					"$(SDKROOT)/Developer/Library/Frameworks",
					"$(inherited)",
				);
				GCC_PREPROCESSOR_DEFINITIONS = (
					"DEBUG=1",
					"$(inherited)",
				);
				INFOPLIST_FILE = airmapTests/Info.plist;
				LD_RUNPATH_SEARCH_PATHS = "$(inherited) @executable_path/Frameworks @loader_path/Frameworks";
				PRODUCT_NAME = "$(TARGET_NAME)";
				TEST_HOST = "$(BUILT_PRODUCTS_DIR)/airmap.app/airmap";
			};
			name = Debug;
		};
		97FD419F1AADD90A008F95A1 /* Release */ = {
			isa = XCBuildConfiguration;
			buildSettings = {
				BUNDLE_LOADER = "$(TEST_HOST)";
				FRAMEWORK_SEARCH_PATHS = (
					"$(SDKROOT)/Developer/Library/Frameworks",
					"$(inherited)",
				);
				INFOPLIST_FILE = airmapTests/Info.plist;
				LD_RUNPATH_SEARCH_PATHS = "$(inherited) @executable_path/Frameworks @loader_path/Frameworks";
				PRODUCT_NAME = "$(TARGET_NAME)";
				TEST_HOST = "$(BUILT_PRODUCTS_DIR)/airmap.app/airmap";
			};
			name = Release;
		};
/* End XCBuildConfiguration section */

/* Begin XCConfigurationList section */
		97FD41721AADD90A008F95A1 /* Build configuration list for PBXProject "airmap" */ = {
			isa = XCConfigurationList;
			buildConfigurations = (
				97FD41981AADD90A008F95A1 /* Debug */,
				97FD41991AADD90A008F95A1 /* Release */,
			);
			defaultConfigurationIsVisible = 0;
			defaultConfigurationName = Release;
		};
		97FD419A1AADD90A008F95A1 /* Build configuration list for PBXNativeTarget "airmap" */ = {
			isa = XCConfigurationList;
			buildConfigurations = (
				97FD419B1AADD90A008F95A1 /* Debug */,
				97FD419C1AADD90A008F95A1 /* Release */,
			);
			defaultConfigurationIsVisible = 0;
		};
		97FD419D1AADD90A008F95A1 /* Build configuration list for PBXNativeTarget "airmapTests" */ = {
			isa = XCConfigurationList;
			buildConfigurations = (
				97FD419E1AADD90A008F95A1 /* Debug */,
				97FD419F1AADD90A008F95A1 /* Release */,
			);
			defaultConfigurationIsVisible = 0;
		};
/* End XCConfigurationList section */
	};
	rootObject = 97FD416F1AADD90A008F95A1 /* Project object */;
}
